
Microsoft Visual Studio Solution File, Format Version 12.00
# Visual Studio Version 17
VisualStudioVersion = 17.0.31318.384
MinimumVisualStudioVersion = 10.0.40219.1
Project("{FAE04EC0-301F-11D3-BF4B-00C04F79EFBC}") = "DotnetLocalWorkload", "DotnetLocalWorkload\DotnetLocalWorkload.csproj", "{FC5CD5EB-BB22-46AC-8195-2AAD1B1D977D}"
EndProject
Global
	GlobalSection(SolutionConfigurationPlatforms) = preSolution
		Debug|Any CPU = Debug|Any CPU
		Release|Any CPU = Release|Any CPU
	EndGlobalSection
	GlobalSection(ProjectConfigurationPlatforms) = postSolution
		{FC5CD5EB-BB22-46AC-8195-2AAD1B1D977D}.Debug|Any CPU.ActiveCfg = Debug|Any CPU
		{FC5CD5EB-BB22-46AC-8195-2AAD1B1D977D}.Debug|Any CPU.Build.0 = Debug|Any CPU
		{FC5CD5EB-BB22-46AC-8195-2AAD1B1D977D}.Release|Any CPU.ActiveCfg = Release|Any CPU
		{FC5CD5EB-BB22-46AC-8195-2AAD1B1D977D}.Release|Any CPU.Build.0 = Release|Any CPU
	EndGlobalSection
	GlobalSection(SolutionProperties) = preSolution
		HideSolutionNode = FALSE
	EndGlobalSection
	GlobalSection(ExtensibilityGlobals) = postSolution
		SolutionGuid = {0DA09B21-1490-4091-8B3C-BEEF17C1AE18}
	EndGlobalSection
EndGlobal
